// !$*UTF8*$!
{
	archiveVersion = 1;
	classes = {
	};
	objectVersion = 50;
	objects = {

/* Begin PBXBuildFile section */
		69FE6AC8671B915734537BD0 /* Pods_Artable_Admin.framework in Frameworks */ = {isa = PBXBuildFile; fileRef = 3F90B9F798AF24F8A85E4055 /* Pods_Artable_Admin.framework */; };
		D15DDF3A9A745CE26433CA25 /* Pods_Artable.framework in Frameworks */ = {isa = PBXBuildFile; fileRef = 1A9E1172E1C50A2F07B8F771 /* Pods_Artable.framework */; };
		E68807C8233676CE004A0B12 /* GoogleService-Info.plist in Resources */ = {isa = PBXBuildFile; fileRef = E68807C7233676CE004A0B12 /* GoogleService-Info.plist */; };
		E68807CA23367753004A0B12 /* GoogleService-Info.plist in Resources */ = {isa = PBXBuildFile; fileRef = E68807C923367753004A0B12 /* GoogleService-Info.plist */; };
		E6EDD72B233652780026168F /* AppDelegate.swift in Sources */ = {isa = PBXBuildFile; fileRef = E6EDD72A233652780026168F /* AppDelegate.swift */; };
		E6EDD72D233652780026168F /* ViewController.swift in Sources */ = {isa = PBXBuildFile; fileRef = E6EDD72C233652780026168F /* ViewController.swift */; };
		E6EDD730233652780026168F /* Main.storyboard in Resources */ = {isa = PBXBuildFile; fileRef = E6EDD72E233652780026168F /* Main.storyboard */; };
		E6EDD732233652780026168F /* Assets.xcassets in Resources */ = {isa = PBXBuildFile; fileRef = E6EDD731233652780026168F /* Assets.xcassets */; };
		E6EDD735233652780026168F /* LaunchScreen.storyboard in Resources */ = {isa = PBXBuildFile; fileRef = E6EDD733233652780026168F /* LaunchScreen.storyboard */; };
		E6EDD743233654070026168F /* AppDelegate.swift in Sources */ = {isa = PBXBuildFile; fileRef = E6EDD742233654070026168F /* AppDelegate.swift */; };
		E6EDD745233654070026168F /* ViewController.swift in Sources */ = {isa = PBXBuildFile; fileRef = E6EDD744233654070026168F /* ViewController.swift */; };
		E6EDD748233654070026168F /* Main.storyboard in Resources */ = {isa = PBXBuildFile; fileRef = E6EDD746233654070026168F /* Main.storyboard */; };
		E6EDD74A233654080026168F /* Assets.xcassets in Resources */ = {isa = PBXBuildFile; fileRef = E6EDD749233654080026168F /* Assets.xcassets */; };
		E6EDD74D233654080026168F /* LaunchScreen.storyboard in Resources */ = {isa = PBXBuildFile; fileRef = E6EDD74B233654080026168F /* LaunchScreen.storyboard */; };
		E6EDD7532336541A0026168F /* Assets.xcassets in Resources */ = {isa = PBXBuildFile; fileRef = E6EDD731233652780026168F /* Assets.xcassets */; };
		E6EDD758233656920026168F /* Login.storyboard in Resources */ = {isa = PBXBuildFile; fileRef = E6EDD757233656920026168F /* Login.storyboard */; };
/* End PBXBuildFile section */

/* Begin PBXFileReference section */
		1A9E1172E1C50A2F07B8F771 /* Pods_Artable.framework */ = {isa = PBXFileReference; explicitFileType = wrapper.framework; includeInIndex = 0; path = Pods_Artable.framework; sourceTree = BUILT_PRODUCTS_DIR; };
		2B221FAF2F9E147022E9995F /* Pods-Artable.release.xcconfig */ = {isa = PBXFileReference; includeInIndex = 1; lastKnownFileType = text.xcconfig; name = "Pods-Artable.release.xcconfig"; path = "Pods/Target Support Files/Pods-Artable/Pods-Artable.release.xcconfig"; sourceTree = "<group>"; };
		311246C34DB547D846B65B9F /* Pods-Artable.debug.xcconfig */ = {isa = PBXFileReference; includeInIndex = 1; lastKnownFileType = text.xcconfig; name = "Pods-Artable.debug.xcconfig"; path = "Pods/Target Support Files/Pods-Artable/Pods-Artable.debug.xcconfig"; sourceTree = "<group>"; };
		387DF67C2179F86FE58ECEBB /* Pods-Artable-Admin.debug.xcconfig */ = {isa = PBXFileReference; includeInIndex = 1; lastKnownFileType = text.xcconfig; name = "Pods-Artable-Admin.debug.xcconfig"; path = "Pods/Target Support Files/Pods-Artable-Admin/Pods-Artable-Admin.debug.xcconfig"; sourceTree = "<group>"; };
		3F90B9F798AF24F8A85E4055 /* Pods_Artable_Admin.framework */ = {isa = PBXFileReference; explicitFileType = wrapper.framework; includeInIndex = 0; path = Pods_Artable_Admin.framework; sourceTree = BUILT_PRODUCTS_DIR; };
		58FC65001CCE88CB9B6F4050 /* Pods-Artable-Admin.release.xcconfig */ = {isa = PBXFileReference; includeInIndex = 1; lastKnownFileType = text.xcconfig; name = "Pods-Artable-Admin.release.xcconfig"; path = "Pods/Target Support Files/Pods-Artable-Admin/Pods-Artable-Admin.release.xcconfig"; sourceTree = "<group>"; };
		E68807C7233676CE004A0B12 /* GoogleService-Info.plist */ = {isa = PBXFileReference; fileEncoding = 4; lastKnownFileType = text.plist.xml; path = "GoogleService-Info.plist"; sourceTree = "<group>"; };
		E68807C923367753004A0B12 /* GoogleService-Info.plist */ = {isa = PBXFileReference; fileEncoding = 4; lastKnownFileType = text.plist.xml; path = "GoogleService-Info.plist"; sourceTree = "<group>"; };
		E6EDD727233652780026168F /* Artable.app */ = {isa = PBXFileReference; explicitFileType = wrapper.application; includeInIndex = 0; path = Artable.app; sourceTree = BUILT_PRODUCTS_DIR; };
		E6EDD72A233652780026168F /* AppDelegate.swift */ = {isa = PBXFileReference; lastKnownFileType = sourcecode.swift; path = AppDelegate.swift; sourceTree = "<group>"; };
		E6EDD72C233652780026168F /* ViewController.swift */ = {isa = PBXFileReference; lastKnownFileType = sourcecode.swift; path = ViewController.swift; sourceTree = "<group>"; };
		E6EDD72F233652780026168F /* Base */ = {isa = PBXFileReference; lastKnownFileType = file.storyboard; name = Base; path = Base.lproj/Main.storyboard; sourceTree = "<group>"; };
		E6EDD731233652780026168F /* Assets.xcassets */ = {isa = PBXFileReference; lastKnownFileType = folder.assetcatalog; path = Assets.xcassets; sourceTree = "<group>"; };
		E6EDD734233652780026168F /* Base */ = {isa = PBXFileReference; lastKnownFileType = file.storyboard; name = Base; path = Base.lproj/LaunchScreen.storyboard; sourceTree = "<group>"; };
		E6EDD736233652780026168F /* Info.plist */ = {isa = PBXFileReference; lastKnownFileType = text.plist.xml; path = Info.plist; sourceTree = "<group>"; };
		E6EDD740233654070026168F /* Artable-Admin.app */ = {isa = PBXFileReference; explicitFileType = wrapper.application; includeInIndex = 0; path = "Artable-Admin.app"; sourceTree = BUILT_PRODUCTS_DIR; };
		E6EDD742233654070026168F /* AppDelegate.swift */ = {isa = PBXFileReference; lastKnownFileType = sourcecode.swift; path = AppDelegate.swift; sourceTree = "<group>"; };
		E6EDD744233654070026168F /* ViewController.swift */ = {isa = PBXFileReference; lastKnownFileType = sourcecode.swift; path = ViewController.swift; sourceTree = "<group>"; };
		E6EDD747233654070026168F /* Base */ = {isa = PBXFileReference; lastKnownFileType = file.storyboard; name = Base; path = Base.lproj/Main.storyboard; sourceTree = "<group>"; };
		E6EDD749233654080026168F /* Assets.xcassets */ = {isa = PBXFileReference; lastKnownFileType = folder.assetcatalog; path = Assets.xcassets; sourceTree = "<group>"; };
		E6EDD74C233654080026168F /* Base */ = {isa = PBXFileReference; lastKnownFileType = file.storyboard; name = Base; path = Base.lproj/LaunchScreen.storyboard; sourceTree = "<group>"; };
		E6EDD74E233654080026168F /* Info.plist */ = {isa = PBXFileReference; lastKnownFileType = text.plist.xml; path = Info.plist; sourceTree = "<group>"; };
		E6EDD757233656920026168F /* Login.storyboard */ = {isa = PBXFileReference; lastKnownFileType = file.storyboard; path = Login.storyboard; sourceTree = "<group>"; };
/* End PBXFileReference section */

/* Begin PBXFrameworksBuildPhase section */
		E6EDD724233652780026168F /* Frameworks */ = {
			isa = PBXFrameworksBuildPhase;
			buildActionMask = 2147483647;
			files = (
				D15DDF3A9A745CE26433CA25 /* Pods_Artable.framework in Frameworks */,
			);
			runOnlyForDeploymentPostprocessing = 0;
		};
		E6EDD73D233654070026168F /* Frameworks */ = {
			isa = PBXFrameworksBuildPhase;
			buildActionMask = 2147483647;
			files = (
				69FE6AC8671B915734537BD0 /* Pods_Artable_Admin.framework in Frameworks */,
			);
			runOnlyForDeploymentPostprocessing = 0;
		};
/* End PBXFrameworksBuildPhase section */

/* Begin PBXGroup section */
		70B5FE4606E91CBB6C7DA704 /* Frameworks */ = {
			isa = PBXGroup;
			children = (
				1A9E1172E1C50A2F07B8F771 /* Pods_Artable.framework */,
				3F90B9F798AF24F8A85E4055 /* Pods_Artable_Admin.framework */,
			);
			name = Frameworks;
			sourceTree = "<group>";
		};
		930294F65A6BE2F9336847A3 /* Pods */ = {
			isa = PBXGroup;
			children = (
				311246C34DB547D846B65B9F /* Pods-Artable.debug.xcconfig */,
				2B221FAF2F9E147022E9995F /* Pods-Artable.release.xcconfig */,
				387DF67C2179F86FE58ECEBB /* Pods-Artable-Admin.debug.xcconfig */,
				58FC65001CCE88CB9B6F4050 /* Pods-Artable-Admin.release.xcconfig */,
			);
			name = Pods;
			sourceTree = "<group>";
		};
		E6EDD71E233652780026168F = {
			isa = PBXGroup;
			children = (
				E6EDD7522336540F0026168F /* Shared */,
				E6EDD729233652780026168F /* Artable */,
				E6EDD741233654070026168F /* Artable-Admin */,
				E6EDD728233652780026168F /* Products */,
				930294F65A6BE2F9336847A3 /* Pods */,
				70B5FE4606E91CBB6C7DA704 /* Frameworks */,
			);
			sourceTree = "<group>";
		};
		E6EDD728233652780026168F /* Products */ = {
			isa = PBXGroup;
			children = (
				E6EDD727233652780026168F /* Artable.app */,
				E6EDD740233654070026168F /* Artable-Admin.app */,
			);
			name = Products;
			sourceTree = "<group>";
		};
		E6EDD729233652780026168F /* Artable */ = {
			isa = PBXGroup;
			children = (
				E6EDD756233656660026168F /* Storyboard */,
				E6EDD72A233652780026168F /* AppDelegate.swift */,
				E6EDD72C233652780026168F /* ViewController.swift */,
				E6EDD736233652780026168F /* Info.plist */,
				E68807C7233676CE004A0B12 /* GoogleService-Info.plist */,
			);
			path = Artable;
			sourceTree = "<group>";
		};
		E6EDD741233654070026168F /* Artable-Admin */ = {
			isa = PBXGroup;
			children = (
				E6EDD742233654070026168F /* AppDelegate.swift */,
				E6EDD744233654070026168F /* ViewController.swift */,
				E6EDD746233654070026168F /* Main.storyboard */,
				E6EDD749233654080026168F /* Assets.xcassets */,
				E6EDD74B233654080026168F /* LaunchScreen.storyboard */,
				E6EDD74E233654080026168F /* Info.plist */,
				E68807C923367753004A0B12 /* GoogleService-Info.plist */,
			);
			path = "Artable-Admin";
			sourceTree = "<group>";
		};
		E6EDD7522336540F0026168F /* Shared */ = {
			isa = PBXGroup;
			children = (
				E6EDD731233652780026168F /* Assets.xcassets */,
			);
			path = Shared;
			sourceTree = "<group>";
		};
		E6EDD756233656660026168F /* Storyboard */ = {
			isa = PBXGroup;
			children = (
				E6EDD72E233652780026168F /* Main.storyboard */,
				E6EDD757233656920026168F /* Login.storyboard */,
				E6EDD733233652780026168F /* LaunchScreen.storyboard */,
			);
			path = Storyboard;
			sourceTree = "<group>";
		};
/* End PBXGroup section */

/* Begin PBXNativeTarget section */
		E6EDD726233652780026168F /* Artable */ = {
			isa = PBXNativeTarget;
			buildConfigurationList = E6EDD739233652780026168F /* Build configuration list for PBXNativeTarget "Artable" */;
			buildPhases = (
				E6FA0D21DD73040E9DED0A3A /* [CP] Check Pods Manifest.lock */,
				E6EDD723233652780026168F /* Sources */,
				E6EDD724233652780026168F /* Frameworks */,
				E6EDD725233652780026168F /* Resources */,
				77DC8DD17170953CBE4500C3 /* [CP] Embed Pods Frameworks */,
			);
			buildRules = (
			);
			dependencies = (
			);
			name = Artable;
			productName = Artable;
			productReference = E6EDD727233652780026168F /* Artable.app */;
			productType = "com.apple.product-type.application";
		};
		E6EDD73F233654070026168F /* Artable-Admin */ = {
			isa = PBXNativeTarget;
			buildConfigurationList = E6EDD74F233654080026168F /* Build configuration list for PBXNativeTarget "Artable-Admin" */;
			buildPhases = (
				AD461BE933B8910EF020AF05 /* [CP] Check Pods Manifest.lock */,
				E6EDD73C233654070026168F /* Sources */,
				E6EDD73D233654070026168F /* Frameworks */,
				E6EDD73E233654070026168F /* Resources */,
				FB9913EF4D78EDD0CCE44B42 /* [CP] Embed Pods Frameworks */,
			);
			buildRules = (
			);
			dependencies = (
			);
			name = "Artable-Admin";
			productName = "Artable-Admin";
			productReference = E6EDD740233654070026168F /* Artable-Admin.app */;
			productType = "com.apple.product-type.application";
		};
/* End PBXNativeTarget section */

/* Begin PBXProject section */
		E6EDD71F233652780026168F /* Project object */ = {
			isa = PBXProject;
			attributes = {
				LastSwiftUpdateCheck = 1030;
				LastUpgradeCheck = 1030;
				ORGANIZATIONNAME = "Jonathan Sack";
				TargetAttributes = {
					E6EDD726233652780026168F = {
						CreatedOnToolsVersion = 10.3;
					};
					E6EDD73F233654070026168F = {
						CreatedOnToolsVersion = 10.3;
					};
				};
			};
			buildConfigurationList = E6EDD722233652780026168F /* Build configuration list for PBXProject "Artable" */;
			compatibilityVersion = "Xcode 9.3";
			developmentRegion = en;
			hasScannedForEncodings = 0;
			knownRegions = (
				en,
				Base,
			);
			mainGroup = E6EDD71E233652780026168F;
			productRefGroup = E6EDD728233652780026168F /* Products */;
			projectDirPath = "";
			projectRoot = "";
			targets = (
				E6EDD726233652780026168F /* Artable */,
				E6EDD73F233654070026168F /* Artable-Admin */,
			);
		};
/* End PBXProject section */

/* Begin PBXResourcesBuildPhase section */
		E6EDD725233652780026168F /* Resources */ = {
			isa = PBXResourcesBuildPhase;
			buildActionMask = 2147483647;
			files = (
				E6EDD758233656920026168F /* Login.storyboard in Resources */,
				E6EDD735233652780026168F /* LaunchScreen.storyboard in Resources */,
				E68807C8233676CE004A0B12 /* GoogleService-Info.plist in Resources */,
				E6EDD732233652780026168F /* Assets.xcassets in Resources */,
				E6EDD730233652780026168F /* Main.storyboard in Resources */,
			);
			runOnlyForDeploymentPostprocessing = 0;
		};
		E6EDD73E233654070026168F /* Resources */ = {
			isa = PBXResourcesBuildPhase;
			buildActionMask = 2147483647;
			files = (
				E6EDD74D233654080026168F /* LaunchScreen.storyboard in Resources */,
				E6EDD74A233654080026168F /* Assets.xcassets in Resources */,
				E68807CA23367753004A0B12 /* GoogleService-Info.plist in Resources */,
				E6EDD7532336541A0026168F /* Assets.xcassets in Resources */,
				E6EDD748233654070026168F /* Main.storyboard in Resources */,
			);
			runOnlyForDeploymentPostprocessing = 0;
		};
/* End PBXResourcesBuildPhase section */

/* Begin PBXShellScriptBuildPhase section */
		77DC8DD17170953CBE4500C3 /* [CP] Embed Pods Frameworks */ = {
			isa = PBXShellScriptBuildPhase;
			buildActionMask = 2147483647;
			files = (
			);
			inputPaths = (
				"${SRCROOT}/Pods/Target Support Files/Pods-Artable/Pods-Artable-frameworks.sh",
				"${BUILT_PRODUCTS_DIR}/BoringSSL-GRPC/openssl_grpc.framework",
				"${BUILT_PRODUCTS_DIR}/GTMSessionFetcher/GTMSessionFetcher.framework",
				"${BUILT_PRODUCTS_DIR}/GoogleUtilities/GoogleUtilities.framework",
				"${BUILT_PRODUCTS_DIR}/IQKeyboardManagerSwift/IQKeyboardManagerSwift.framework",
				"${BUILT_PRODUCTS_DIR}/Kingfisher/Kingfisher.framework",
				"${BUILT_PRODUCTS_DIR}/Protobuf/Protobuf.framework",
				"${BUILT_PRODUCTS_DIR}/Stripe/Stripe.framework",
				"${BUILT_PRODUCTS_DIR}/gRPC-C++/grpcpp.framework",
				"${BUILT_PRODUCTS_DIR}/gRPC-Core/grpc.framework",
				"${BUILT_PRODUCTS_DIR}/leveldb-library/leveldb.framework",
				"${BUILT_PRODUCTS_DIR}/nanopb/nanopb.framework",
			);
			name = "[CP] Embed Pods Frameworks";
			outputPaths = (
				"${TARGET_BUILD_DIR}/${FRAMEWORKS_FOLDER_PATH}/openssl_grpc.framework",
				"${TARGET_BUILD_DIR}/${FRAMEWORKS_FOLDER_PATH}/GTMSessionFetcher.framework",
				"${TARGET_BUILD_DIR}/${FRAMEWORKS_FOLDER_PATH}/GoogleUtilities.framework",
				"${TARGET_BUILD_DIR}/${FRAMEWORKS_FOLDER_PATH}/IQKeyboardManagerSwift.framework",
				"${TARGET_BUILD_DIR}/${FRAMEWORKS_FOLDER_PATH}/Kingfisher.framework",
				"${TARGET_BUILD_DIR}/${FRAMEWORKS_FOLDER_PATH}/Protobuf.framework",
				"${TARGET_BUILD_DIR}/${FRAMEWORKS_FOLDER_PATH}/Stripe.framework",
				"${TARGET_BUILD_DIR}/${FRAMEWORKS_FOLDER_PATH}/grpcpp.framework",
				"${TARGET_BUILD_DIR}/${FRAMEWORKS_FOLDER_PATH}/grpc.framework",
				"${TARGET_BUILD_DIR}/${FRAMEWORKS_FOLDER_PATH}/leveldb.framework",
				"${TARGET_BUILD_DIR}/${FRAMEWORKS_FOLDER_PATH}/nanopb.framework",
			);
			runOnlyForDeploymentPostprocessing = 0;
			shellPath = /bin/sh;
			shellScript = "\"${SRCROOT}/Pods/Target Support Files/Pods-Artable/Pods-Artable-frameworks.sh\"\n";
			showEnvVarsInLog = 0;
		};
		AD461BE933B8910EF020AF05 /* [CP] Check Pods Manifest.lock */ = {
			isa = PBXShellScriptBuildPhase;
			buildActionMask = 2147483647;
			files = (
			);
			inputPaths = (
				"${PODS_PODFILE_DIR_PATH}/Podfile.lock",
				"${PODS_ROOT}/Manifest.lock",
			);
			name = "[CP] Check Pods Manifest.lock";
			outputPaths = (
				"$(DERIVED_FILE_DIR)/Pods-Artable-Admin-checkManifestLockResult.txt",
			);
			runOnlyForDeploymentPostprocessing = 0;
			shellPath = /bin/sh;
			shellScript = "diff \"${PODS_PODFILE_DIR_PATH}/Podfile.lock\" \"${PODS_ROOT}/Manifest.lock\" > /dev/null\nif [ $? != 0 ] ; then\n    # print error to STDERR\n    echo \"error: The sandbox is not in sync with the Podfile.lock. Run 'pod install' or update your CocoaPods installation.\" >&2\n    exit 1\nfi\n# This output is used by Xcode 'outputs' to avoid re-running this script phase.\necho \"SUCCESS\" > \"${SCRIPT_OUTPUT_FILE_0}\"\n";
			showEnvVarsInLog = 0;
		};
		E6FA0D21DD73040E9DED0A3A /* [CP] Check Pods Manifest.lock */ = {
			isa = PBXShellScriptBuildPhase;
			buildActionMask = 2147483647;
			files = (
			);
			inputPaths = (
				"${PODS_PODFILE_DIR_PATH}/Podfile.lock",
				"${PODS_ROOT}/Manifest.lock",
			);
			name = "[CP] Check Pods Manifest.lock";
			outputPaths = (
				"$(DERIVED_FILE_DIR)/Pods-Artable-checkManifestLockResult.txt",
			);
			runOnlyForDeploymentPostprocessing = 0;
			shellPath = /bin/sh;
			shellScript = "diff \"${PODS_PODFILE_DIR_PATH}/Podfile.lock\" \"${PODS_ROOT}/Manifest.lock\" > /dev/null\nif [ $? != 0 ] ; then\n    # print error to STDERR\n    echo \"error: The sandbox is not in sync with the Podfile.lock. Run 'pod install' or update your CocoaPods installation.\" >&2\n    exit 1\nfi\n# This output is used by Xcode 'outputs' to avoid re-running this script phase.\necho \"SUCCESS\" > \"${SCRIPT_OUTPUT_FILE_0}\"\n";
			showEnvVarsInLog = 0;
		};
		FB9913EF4D78EDD0CCE44B42 /* [CP] Embed Pods Frameworks */ = {
			isa = PBXShellScriptBuildPhase;
			buildActionMask = 2147483647;
			files = (
			);
			inputPaths = (
				"${SRCROOT}/Pods/Target Support Files/Pods-Artable-Admin/Pods-Artable-Admin-frameworks.sh",
				"${BUILT_PRODUCTS_DIR}/BoringSSL-GRPC/openssl_grpc.framework",
				"${BUILT_PRODUCTS_DIR}/GTMSessionFetcher/GTMSessionFetcher.framework",
				"${BUILT_PRODUCTS_DIR}/GoogleUtilities/GoogleUtilities.framework",
				"${BUILT_PRODUCTS_DIR}/IQKeyboardManagerSwift/IQKeyboardManagerSwift.framework",
				"${BUILT_PRODUCTS_DIR}/Kingfisher/Kingfisher.framework",
				"${BUILT_PRODUCTS_DIR}/Protobuf/Protobuf.framework",
				"${BUILT_PRODUCTS_DIR}/gRPC-C++/grpcpp.framework",
				"${BUILT_PRODUCTS_DIR}/gRPC-Core/grpc.framework",
				"${BUILT_PRODUCTS_DIR}/leveldb-library/leveldb.framework",
				"${BUILT_PRODUCTS_DIR}/nanopb/nanopb.framework",
			);
			name = "[CP] Embed Pods Frameworks";
			outputPaths = (
				"${TARGET_BUILD_DIR}/${FRAMEWORKS_FOLDER_PATH}/openssl_grpc.framework",
				"${TARGET_BUILD_DIR}/${FRAMEWORKS_FOLDER_PATH}/GTMSessionFetcher.framework",
				"${TARGET_BUILD_DIR}/${FRAMEWORKS_FOLDER_PATH}/GoogleUtilities.framework",
				"${TARGET_BUILD_DIR}/${FRAMEWORKS_FOLDER_PATH}/IQKeyboardManagerSwift.framework",
				"${TARGET_BUILD_DIR}/${FRAMEWORKS_FOLDER_PATH}/Kingfisher.framework",
				"${TARGET_BUILD_DIR}/${FRAMEWORKS_FOLDER_PATH}/Protobuf.framework",
				"${TARGET_BUILD_DIR}/${FRAMEWORKS_FOLDER_PATH}/grpcpp.framework",
				"${TARGET_BUILD_DIR}/${FRAMEWORKS_FOLDER_PATH}/grpc.framework",
				"${TARGET_BUILD_DIR}/${FRAMEWORKS_FOLDER_PATH}/leveldb.framework",
				"${TARGET_BUILD_DIR}/${FRAMEWORKS_FOLDER_PATH}/nanopb.framework",
			);
			runOnlyForDeploymentPostprocessing = 0;
			shellPath = /bin/sh;
			shellScript = "\"${SRCROOT}/Pods/Target Support Files/Pods-Artable-Admin/Pods-Artable-Admin-frameworks.sh\"\n";
			showEnvVarsInLog = 0;
		};
/* End PBXShellScriptBuildPhase section */

/* Begin PBXSourcesBuildPhase section */
		E6EDD723233652780026168F /* Sources */ = {
			isa = PBXSourcesBuildPhase;
			buildActionMask = 2147483647;
			files = (
				E6EDD72D233652780026168F /* ViewController.swift in Sources */,
				E6EDD72B233652780026168F /* AppDelegate.swift in Sources */,
			);
			runOnlyForDeploymentPostprocessing = 0;
		};
		E6EDD73C233654070026168F /* Sources */ = {
			isa = PBXSourcesBuildPhase;
			buildActionMask = 2147483647;
			files = (
				E6EDD745233654070026168F /* ViewController.swift in Sources */,
				E6EDD743233654070026168F /* AppDelegate.swift in Sources */,
			);
			runOnlyForDeploymentPostprocessing = 0;
		};
/* End PBXSourcesBuildPhase section */

/* Begin PBXVariantGroup section */
		E6EDD72E233652780026168F /* Main.storyboard */ = {
			isa = PBXVariantGroup;
			children = (
				E6EDD72F233652780026168F /* Base */,
			);
			name = Main.storyboard;
			sourceTree = "<group>";
		};
		E6EDD733233652780026168F /* LaunchScreen.storyboard */ = {
			isa = PBXVariantGroup;
			children = (
				E6EDD734233652780026168F /* Base */,
			);
			name = LaunchScreen.storyboard;
			sourceTree = "<group>";
		};
		E6EDD746233654070026168F /* Main.storyboard */ = {
			isa = PBXVariantGroup;
			children = (
				E6EDD747233654070026168F /* Base */,
			);
			name = Main.storyboard;
			sourceTree = "<group>";
		};
		E6EDD74B233654080026168F /* LaunchScreen.storyboard */ = {
			isa = PBXVariantGroup;
			children = (
				E6EDD74C233654080026168F /* Base */,
			);
			name = LaunchScreen.storyboard;
			sourceTree = "<group>";
		};
/* End PBXVariantGroup section */

/* Begin XCBuildConfiguration section */
		E6EDD737233652780026168F /* Debug */ = {
			isa = XCBuildConfiguration;
			buildSettings = {
				ALWAYS_SEARCH_USER_PATHS = NO;
				CLANG_ANALYZER_NONNULL = YES;
				CLANG_ANALYZER_NUMBER_OBJECT_CONVERSION = YES_AGGRESSIVE;
				CLANG_CXX_LANGUAGE_STANDARD = "gnu++14";
				CLANG_CXX_LIBRARY = "libc++";
				CLANG_ENABLE_MODULES = YES;
				CLANG_ENABLE_OBJC_ARC = YES;
				CLANG_ENABLE_OBJC_WEAK = YES;
				CLANG_WARN_BLOCK_CAPTURE_AUTORELEASING = YES;
				CLANG_WARN_BOOL_CONVERSION = YES;
				CLANG_WARN_COMMA = YES;
				CLANG_WARN_CONSTANT_CONVERSION = YES;
				CLANG_WARN_DEPRECATED_OBJC_IMPLEMENTATIONS = YES;
				CLANG_WARN_DIRECT_OBJC_ISA_USAGE = YES_ERROR;
				CLANG_WARN_DOCUMENTATION_COMMENTS = YES;
				CLANG_WARN_EMPTY_BODY = YES;
				CLANG_WARN_ENUM_CONVERSION = YES;
				CLANG_WARN_INFINITE_RECURSION = YES;
				CLANG_WARN_INT_CONVERSION = YES;
				CLANG_WARN_NON_LITERAL_NULL_CONVERSION = YES;
				CLANG_WARN_OBJC_IMPLICIT_RETAIN_SELF = YES;
				CLANG_WARN_OBJC_LITERAL_CONVERSION = YES;
				CLANG_WARN_OBJC_ROOT_CLASS = YES_ERROR;
				CLANG_WARN_RANGE_LOOP_ANALYSIS = YES;
				CLANG_WARN_STRICT_PROTOTYPES = YES;
				CLANG_WARN_SUSPICIOUS_MOVE = YES;
				CLANG_WARN_UNGUARDED_AVAILABILITY = YES_AGGRESSIVE;
				CLANG_WARN_UNREACHABLE_CODE = YES;
				CLANG_WARN__DUPLICATE_METHOD_MATCH = YES;
				CODE_SIGN_IDENTITY = "iPhone Developer";
				COPY_PHASE_STRIP = NO;
				DEBUG_INFORMATION_FORMAT = dwarf;
				ENABLE_STRICT_OBJC_MSGSEND = YES;
				ENABLE_TESTABILITY = YES;
				GCC_C_LANGUAGE_STANDARD = gnu11;
				GCC_DYNAMIC_NO_PIC = NO;
				GCC_NO_COMMON_BLOCKS = YES;
				GCC_OPTIMIZATION_LEVEL = 0;
				GCC_PREPROCESSOR_DEFINITIONS = (
					"DEBUG=1",
					"$(inherited)",
				);
				GCC_WARN_64_TO_32_BIT_CONVERSION = YES;
				GCC_WARN_ABOUT_RETURN_TYPE = YES_ERROR;
				GCC_WARN_UNDECLARED_SELECTOR = YES;
				GCC_WARN_UNINITIALIZED_AUTOS = YES_AGGRESSIVE;
				GCC_WARN_UNUSED_FUNCTION = YES;
				GCC_WARN_UNUSED_VARIABLE = YES;
				IPHONEOS_DEPLOYMENT_TARGET = 12.4;
				MTL_ENABLE_DEBUG_INFO = INCLUDE_SOURCE;
				MTL_FAST_MATH = YES;
				ONLY_ACTIVE_ARCH = YES;
				SDKROOT = iphoneos;
				SWIFT_ACTIVE_COMPILATION_CONDITIONS = DEBUG;
				SWIFT_OPTIMIZATION_LEVEL = "-Onone";
			};
			name = Debug;
		};
		E6EDD738233652780026168F /* Release */ = {
			isa = XCBuildConfiguration;
			buildSettings = {
				ALWAYS_SEARCH_USER_PATHS = NO;
				CLANG_ANALYZER_NONNULL = YES;
				CLANG_ANALYZER_NUMBER_OBJECT_CONVERSION = YES_AGGRESSIVE;
				CLANG_CXX_LANGUAGE_STANDARD = "gnu++14";
				CLANG_CXX_LIBRARY = "libc++";
				CLANG_ENABLE_MODULES = YES;
				CLANG_ENABLE_OBJC_ARC = YES;
				CLANG_ENABLE_OBJC_WEAK = YES;
				CLANG_WARN_BLOCK_CAPTURE_AUTORELEASING = YES;
				CLANG_WARN_BOOL_CONVERSION = YES;
				CLANG_WARN_COMMA = YES;
				CLANG_WARN_CONSTANT_CONVERSION = YES;
				CLANG_WARN_DEPRECATED_OBJC_IMPLEMENTATIONS = YES;
				CLANG_WARN_DIRECT_OBJC_ISA_USAGE = YES_ERROR;
				CLANG_WARN_DOCUMENTATION_COMMENTS = YES;
				CLANG_WARN_EMPTY_BODY = YES;
				CLANG_WARN_ENUM_CONVERSION = YES;
				CLANG_WARN_INFINITE_RECURSION = YES;
				CLANG_WARN_INT_CONVERSION = YES;
				CLANG_WARN_NON_LITERAL_NULL_CONVERSION = YES;
				CLANG_WARN_OBJC_IMPLICIT_RETAIN_SELF = YES;
				CLANG_WARN_OBJC_LITERAL_CONVERSION = YES;
				CLANG_WARN_OBJC_ROOT_CLASS = YES_ERROR;
				CLANG_WARN_RANGE_LOOP_ANALYSIS = YES;
				CLANG_WARN_STRICT_PROTOTYPES = YES;
				CLANG_WARN_SUSPICIOUS_MOVE = YES;
				CLANG_WARN_UNGUARDED_AVAILABILITY = YES_AGGRESSIVE;
				CLANG_WARN_UNREACHABLE_CODE = YES;
				CLANG_WARN__DUPLICATE_METHOD_MATCH = YES;
				CODE_SIGN_IDENTITY = "iPhone Developer";
				COPY_PHASE_STRIP = NO;
				DEBUG_INFORMATION_FORMAT = "dwarf-with-dsym";
				ENABLE_NS_ASSERTIONS = NO;
				ENABLE_STRICT_OBJC_MSGSEND = YES;
				GCC_C_LANGUAGE_STANDARD = gnu11;
				GCC_NO_COMMON_BLOCKS = YES;
				GCC_WARN_64_TO_32_BIT_CONVERSION = YES;
				GCC_WARN_ABOUT_RETURN_TYPE = YES_ERROR;
				GCC_WARN_UNDECLARED_SELECTOR = YES;
				GCC_WARN_UNINITIALIZED_AUTOS = YES_AGGRESSIVE;
				GCC_WARN_UNUSED_FUNCTION = YES;
				GCC_WARN_UNUSED_VARIABLE = YES;
				IPHONEOS_DEPLOYMENT_TARGET = 12.4;
				MTL_ENABLE_DEBUG_INFO = NO;
				MTL_FAST_MATH = YES;
				SDKROOT = iphoneos;
				SWIFT_COMPILATION_MODE = wholemodule;
				SWIFT_OPTIMIZATION_LEVEL = "-O";
				VALIDATE_PRODUCT = YES;
			};
			name = Release;
		};
		E6EDD73A233652780026168F /* Debug */ = {
			isa = XCBuildConfiguration;
			baseConfigurationReference = 311246C34DB547D846B65B9F /* Pods-Artable.debug.xcconfig */;
			buildSettings = {
				ASSETCATALOG_COMPILER_APPICON_NAME = AppIcon;
				CODE_SIGN_STYLE = Automatic;
				DEVELOPMENT_TEAM = GS4P234C83;
				INFOPLIST_FILE = Artable/Info.plist;
				LD_RUNPATH_SEARCH_PATHS = (
					"$(inherited)",
					"@executable_path/Frameworks",
				);
				PRODUCT_BUNDLE_IDENTIFIER = io.jonathansack.Artable;
				PRODUCT_NAME = "$(TARGET_NAME)";
				SWIFT_VERSION = 5.0;
				TARGETED_DEVICE_FAMILY = "1,2";
			};
			name = Debug;
		};
		E6EDD73B233652780026168F /* Release */ = {
			isa = XCBuildConfiguration;
			baseConfigurationReference = 2B221FAF2F9E147022E9995F /* Pods-Artable.release.xcconfig */;
			buildSettings = {
				ASSETCATALOG_COMPILER_APPICON_NAME = AppIcon;
				CODE_SIGN_STYLE = Automatic;
				DEVELOPMENT_TEAM = GS4P234C83;
				INFOPLIST_FILE = Artable/Info.plist;
				LD_RUNPATH_SEARCH_PATHS = (
					"$(inherited)",
					"@executable_path/Frameworks",
				);
				PRODUCT_BUNDLE_IDENTIFIER = io.jonathansack.Artable;
				PRODUCT_NAME = "$(TARGET_NAME)";
				SWIFT_VERSION = 5.0;
				TARGETED_DEVICE_FAMILY = "1,2";
			};
			name = Release;
		};
		E6EDD750233654080026168F /* Debug */ = {
			isa = XCBuildConfiguration;
			baseConfigurationReference = 387DF67C2179F86FE58ECEBB /* Pods-Artable-Admin.debug.xcconfig */;
			buildSettings = {
				ASSETCATALOG_COMPILER_APPICON_NAME = AppIcon;
				CODE_SIGN_STYLE = Automatic;
				DEVELOPMENT_TEAM = GS4P234C83;
				INFOPLIST_FILE = "Artable-Admin/Info.plist";
				LD_RUNPATH_SEARCH_PATHS = (
					"$(inherited)",
					"@executable_path/Frameworks",
				);
				PRODUCT_BUNDLE_IDENTIFIER = "io.jonathansack.Artable-Admin";
				PRODUCT_NAME = "$(TARGET_NAME)";
				SWIFT_VERSION = 5.0;
				TARGETED_DEVICE_FAMILY = "1,2";
			};
			name = Debug;
		};
		E6EDD751233654080026168F /* Release */ = {
			isa = XCBuildConfiguration;
			baseConfigurationReference = 58FC65001CCE88CB9B6F4050 /* Pods-Artable-Admin.release.xcconfig */;
			buildSettings = {
				ASSETCATALOG_COMPILER_APPICON_NAME = AppIcon;
				CODE_SIGN_STYLE = Automatic;
				DEVELOPMENT_TEAM = GS4P234C83;
				INFOPLIST_FILE = "Artable-Admin/Info.plist";
				LD_RUNPATH_SEARCH_PATHS = (
					"$(inherited)",
					"@executable_path/Frameworks",
				);
				PRODUCT_BUNDLE_IDENTIFIER = "io.jonathansack.Artable-Admin";
				PRODUCT_NAME = "$(TARGET_NAME)";
				SWIFT_VERSION = 5.0;
				TARGETED_DEVICE_FAMILY = "1,2";
			};
			name = Release;
		};
/* End XCBuildConfiguration section */

/* Begin XCConfigurationList section */
		E6EDD722233652780026168F /* Build configuration list for PBXProject "Artable" */ = {
			isa = XCConfigurationList;
			buildConfigurations = (
				E6EDD737233652780026168F /* Debug */,
				E6EDD738233652780026168F /* Release */,
			);
			defaultConfigurationIsVisible = 0;
			defaultConfigurationName = Release;
		};
		E6EDD739233652780026168F /* Build configuration list for PBXNativeTarget "Artable" */ = {
			isa = XCConfigurationList;
			buildConfigurations = (
				E6EDD73A233652780026168F /* Debug */,
				E6EDD73B233652780026168F /* Release */,
			);
			defaultConfigurationIsVisible = 0;
			defaultConfigurationName = Release;
		};
		E6EDD74F233654080026168F /* Build configuration list for PBXNativeTarget "Artable-Admin" */ = {
			isa = XCConfigurationList;
			buildConfigurations = (
				E6EDD750233654080026168F /* Debug */,
				E6EDD751233654080026168F /* Release */,
			);
			defaultConfigurationIsVisible = 0;
			defaultConfigurationName = Release;
		};
/* End XCConfigurationList section */
	};
	rootObject = E6EDD71F233652780026168F /* Project object */;
}
